{
  "requires": true,
  "lockfileVersion": 1,
  "dependencies": {
    "@ionic-native/stripe": {
      "version": "5.33.0",
      "resolved": "https://registry.npmjs.org/@ionic-native/stripe/-/stripe-5.33.0.tgz",
      "integrity": "sha512-GoBWcuKPM0lTgvQGGVSIaRyolNN6ApDzPdwTHPJILm3oH/NdKwdk3Gd0qLxTfEJMmVMnvesNtyRaw56gqNp3hQ==",
      "requires": {
        "@types/cordova": "^0.0.34"
      }
    },
    "@types/cordova": {
      "version": "0.0.34",
      "resolved": "https://registry.npmjs.org/@types/cordova/-/cordova-0.0.34.tgz",
      "integrity": "sha1-6nrd907Ow9dimCegw54smt3HPQQ="
    },
    "@types/jquery": {
      "version": "3.5.5",
      "resolved": "https://registry.npmjs.org/@types/jquery/-/jquery-3.5.5.tgz",
      "integrity": "sha512-6RXU9Xzpc6vxNrS6FPPapN1SxSHgQ336WC6Jj/N8q30OiaBZ00l1GBgeP7usjVZPivSkGUfL1z/WW6TX989M+w==",
      "dev": true,
      "requires": {
        "@types/sizzle": "*"
      }
    },
    "@types/sizzle": {
      "version": "2.3.3",
      "resolved": "https://registry.npmjs.org/@types/sizzle/-/sizzle-2.3.3.tgz",
      "integrity": "sha512-JYM8x9EGF163bEyhdJBpR2QX1R5naCJHC8ucJylJ3w9/CVBaskdQ8WqBf8MmQrd1kRvp/a4TS8HJ+bxzR7ZJYQ==",
      "dev": true
    },
    "@types/stripe-checkout": {
      "version": "1.0.3",
      "resolved": "https://registry.npmjs.org/@types/stripe-checkout/-/stripe-checkout-1.0.3.tgz",
      "integrity": "sha512-7JIyo1ou6w6+ee2SETytZocTvYgtGkivv5NVQ53xKv8WbVIYYhNPWwVzg56E47E4S4O55L1UywRR4FC+XgXPWA==",
      "dev": true,
      "requires": {
        "@types/stripe-v3": "*"
      }
    },
    "@types/stripe-v3": {
      "version": "3.1.23",
      "resolved": "https://registry.npmjs.org/@types/stripe-v3/-/stripe-v3-3.1.23.tgz",
      "integrity": "sha512-fqCnai832M6o6qH6A+Dqk1I/SXAzx629bknbrDigyvkuAPGZGrjkLCMxfnrtWswHXNPjj/TtuGf4lQnDXc815w==",
      "dev": true
    },
    "cordova-plugin-stripe": {
      "version": "1.5.3",
      "resolved": "https://registry.npmjs.org/cordova-plugin-stripe/-/cordova-plugin-stripe-1.5.3.tgz",
      "integrity": "sha1-YqrltO8ND0Yh0OhJhlilW1EzQIw="
    },
    "jquery": {
      "version": "3.6.0",
      "resolved": "https://registry.npmjs.org/jquery/-/jquery-3.6.0.tgz",
      "integrity": "sha512-JVzAR/AjBvVt2BmYhxRCSYysDsPcssdmTFnzyLEts9qNwmjmu4JTAMYubEfwVOSwpQ1I1sKKFcxhZCI2buerfw=="
    },
    "jwt-decode": {
      "version": "3.1.2",
      "resolved": "https://registry.npmjs.org/jwt-decode/-/jwt-decode-3.1.2.tgz",
      "integrity": "sha512-UfpWE/VZn0iP50d8cz9NrZLM9lSWhcJ+0Gt/nm4by88UL+J1SiKN8/5dkjMmbEzwL2CAe+67GsegCbIKtbp75A=="
    },
    "stripe-angular": {
      "version": "1.7.0",
      "resolved": "https://registry.npmjs.org/stripe-angular/-/stripe-angular-1.7.0.tgz",
      "integrity": "sha512-ivWQhRjWv3aszK0vRyicI77UAGbHMa8z7UwhRb9YK4rPQK2SkROPpw3R6yxcOKy0bD/mJhaMvbgwSj5oZ/0eUQ==",
      "requires": {
        "tslib": "^2.0.0"
      }
    },
    "tslib": {
      "version": "2.2.0",
      "resolved": "https://registry.npmjs.org/tslib/-/tslib-2.2.0.tgz",
      "integrity": "sha512-gS9GVHRU+RGn5KQM2rllAlR3dU6m7AcpJKdtH8gFvQiC4Otgk98XnmMU+nZenHt/+VhnBPWwgrJsyrdcw6i23w=="
    }
  }
}
